{
  "name": "ita-wiki",
  "lockfileVersion": 3,
  "requires": true,
  "packages": {
    "": {
      "dependencies": {
        "@itacademy/schemas": "^0.3.0"
      }
    },
    "node_modules/@itacademy/schemas": {
      "version": "0.3.0",
      "resolved": "https://registry.npmjs.org/@itacademy/schemas/-/schemas-0.3.0.tgz",
      "integrity": "sha512-XsxxEVc81+QLcmgmS+Imp46kmIZ1VjRGWXwLwMpD64UtnPeh4fgCY42UW0iuuufD3kX5kWFoVLoMfBo0M6WHDA==",
      "peerDependencies": {
        "zod": "^3.22.4"
      }
    },
    "node_modules/zod": {
      "version": "3.22.4",
      "resolved": "https://registry.npmjs.org/zod/-/zod-3.22.4.tgz",
      "integrity": "sha512-iC+8Io04lddc+mVqQ9AZ7OQ2MrUKGN+oIQyq1vemgt46jwCwLfhq7/pwnBnNXXXZb8VTVLKwp9EDkx+ryxIWmg==",
      "peer": true,
      "funding": {
        "url": "https://github.com/sponsors/colinhacks"
      }
    }
  }
}
